
Microsoft Visual Studio Solution File, Format Version 12.00
# Visual Studio Version 17
VisualStudioVersion = 17.8.34309.116
MinimumVisualStudioVersion = 10.0.40219.1
Project("{8BC9CEB8-8B4A-11D0-8D11-00A0C91BC942}") = "laba10", "laba10\laba10.vcxproj", "{879E2238-91B9-428A-9E64-0B7E0B7A470D}"
EndProject
Global
	GlobalSection(SolutionConfigurationPlatforms) = preSolution
		Debug|x64 = Debug|x64
		Debug|x86 = Debug|x86
		Release|x64 = Release|x64
		Release|x86 = Release|x86
	EndGlobalSection
	GlobalSection(ProjectConfigurationPlatforms) = postSolution
		{879E2238-91B9-428A-9E64-0B7E0B7A470D}.Debug|x64.ActiveCfg = Debug|x64
		{879E2238-91B9-428A-9E64-0B7E0B7A470D}.Debug|x64.Build.0 = Debug|x64
		{879E2238-91B9-428A-9E64-0B7E0B7A470D}.Debug|x86.ActiveCfg = Debug|Win32
		{879E2238-91B9-428A-9E64-0B7E0B7A470D}.Debug|x86.Build.0 = Debug|Win32
		{879E2238-91B9-428A-9E64-0B7E0B7A470D}.Release|x64.ActiveCfg = Release|x64
		{879E2238-91B9-428A-9E64-0B7E0B7A470D}.Release|x64.Build.0 = Release|x64
		{879E2238-91B9-428A-9E64-0B7E0B7A470D}.Release|x86.ActiveCfg = Release|Win32
		{879E2238-91B9-428A-9E64-0B7E0B7A470D}.Release|x86.Build.0 = Release|Win32
	EndGlobalSection
	GlobalSection(SolutionProperties) = preSolution
		HideSolutionNode = FALSE
	EndGlobalSection
	GlobalSection(ExtensibilityGlobals) = postSolution
		SolutionGuid = {B1268E59-5888-49A2-A844-8C9C6477AE7C}
	EndGlobalSection
EndGlobal
